{
  "version": 4,
  "terraform_version": "0.13.7",
  "serial": 9,
  "lineage": "63c5e544-3e1c-728c-71ef-9a103d88580a",
  "outputs": {},
  "resources": [
    {
      "mode": "managed",
      "type": "google_compute_network",
      "name": "network",
      "provider": "provider[\"registry.terraform.io/hashicorp/google\"]",
      "instances": [
        {
          "schema_version": 0,
          "attributes": {
            "auto_create_subnetworks": false,
            "delete_default_routes_on_create": false,
            "description": "",
            "gateway_ipv4": "",
            "id": "projects/ide-ccoe/global/networks/gke-terraform-network",
            "ipv4_range": null,
            "name": "gke-terraform-network",
            "project": "ide-ccoe",
            "routing_mode": "REGIONAL",
            "self_link": "https://www.googleapis.com/compute/v1/projects/ide-ccoe/global/networks/gke-terraform-network",
            "timeouts": null
          },
          "private": "eyJlMmJmYjczMC1lY2FhLTExZTYtOGY4OC0zNDM2M2JjN2M0YzAiOnsiY3JlYXRlIjoyNDAwMDAwMDAwMDAsImRlbGV0ZSI6MjQwMDAwMDAwMDAwLCJ1cGRhdGUiOjI0MDAwMDAwMDAwMH19"
        }
      ]
    },
    {
      "mode": "managed",
      "type": "google_compute_router",
      "name": "router",
      "provider": "provider[\"registry.terraform.io/hashicorp/google\"]",
      "instances": [
        {
          "schema_version": 0,
          "attributes": {
            "bgp": [
              {
                "advertise_mode": "DEFAULT",
                "advertised_groups": [],
                "advertised_ip_ranges": [],
                "asn": 64515
              }
            ],
            "creation_timestamp": "2021-10-13T23:54:15.096-07:00",
            "description": "",
            "id": "projects/ide-ccoe/regions/us-west1/routers/gke-terraform-cloud-router",
            "name": "gke-terraform-cloud-router",
            "network": "https://www.googleapis.com/compute/v1/projects/ide-ccoe/global/networks/gke-terraform-network",
            "project": "ide-ccoe",
            "region": "us-west1",
            "self_link": "https://www.googleapis.com/compute/v1/projects/ide-ccoe/regions/us-west1/routers/gke-terraform-cloud-router",
            "timeouts": null
          },
          "private": "eyJlMmJmYjczMC1lY2FhLTExZTYtOGY4OC0zNDM2M2JjN2M0YzAiOnsiY3JlYXRlIjoyNDAwMDAwMDAwMDAsImRlbGV0ZSI6MjQwMDAwMDAwMDAwLCJ1cGRhdGUiOjI0MDAwMDAwMDAwMH19",
          "dependencies": [
            "google_compute_network.network"
          ]
        }
      ]
    },
    {
      "mode": "managed",
      "type": "google_compute_router_nat",
      "name": "nat",
      "provider": "provider[\"registry.terraform.io/hashicorp/google\"]",
      "instances": [
        {
          "schema_version": 0,
          "attributes": {
            "icmp_idle_timeout_sec": 30,
            "id": "ide-ccoe/us-west1/gke-terraform-cloud-router/gke-terraform-cloud-nat",
            "log_config": [],
            "min_ports_per_vm": 0,
            "name": "gke-terraform-cloud-nat",
            "nat_ip_allocate_option": "AUTO_ONLY",
            "nat_ips": [],
            "project": "ide-ccoe",
            "region": "us-west1",
            "router": "gke-terraform-cloud-router",
            "source_subnetwork_ip_ranges_to_nat": "ALL_SUBNETWORKS_ALL_IP_RANGES",
            "subnetwork": [],
            "tcp_established_idle_timeout_sec": 1200,
            "tcp_transitory_idle_timeout_sec": 30,
            "timeouts": null,
            "udp_idle_timeout_sec": 30
          },
          "private": "eyJlMmJmYjczMC1lY2FhLTExZTYtOGY4OC0zNDM2M2JjN2M0YzAiOnsiY3JlYXRlIjo2MDAwMDAwMDAwMDAsImRlbGV0ZSI6NjAwMDAwMDAwMDAwLCJ1cGRhdGUiOjYwMDAwMDAwMDAwMH19",
          "dependencies": [
            "google_compute_network.network",
            "google_compute_router.router"
          ]
        }
      ]
    },
    {
      "mode": "managed",
      "type": "google_compute_subnetwork",
      "name": "subnet",
      "provider": "provider[\"registry.terraform.io/hashicorp/google\"]",
      "instances": [
        {
          "schema_version": 0,
          "attributes": {
            "creation_timestamp": "2021-10-13T23:54:15.705-07:00",
            "description": "",
            "enable_flow_logs": null,
            "fingerprint": null,
            "gateway_address": "10.0.0.1",
            "id": "projects/ide-ccoe/regions/us-west1/subnetworks/gke-terraform-subnet",
            "ip_cidr_range": "10.0.0.0/24",
            "log_config": [],
            "name": "gke-terraform-subnet",
            "network": "https://www.googleapis.com/compute/v1/projects/ide-ccoe/global/networks/gke-terraform-network",
            "private_ip_google_access": true,
            "project": "ide-ccoe",
            "region": "us-west1",
            "secondary_ip_range": [
              {
                "ip_cidr_range": "10.1.0.0/16",
                "range_name": "gke-terraform-pod-range"
              },
              {
                "ip_cidr_range": "10.2.0.0/20",
                "range_name": "gke-terraform-svc-range"
              }
            ],
            "self_link": "https://www.googleapis.com/compute/v1/projects/ide-ccoe/regions/us-west1/subnetworks/gke-terraform-subnet",
            "timeouts": null
          },
          "private": "eyJlMmJmYjczMC1lY2FhLTExZTYtOGY4OC0zNDM2M2JjN2M0YzAiOnsiY3JlYXRlIjozNjAwMDAwMDAwMDAsImRlbGV0ZSI6MzYwMDAwMDAwMDAwLCJ1cGRhdGUiOjM2MDAwMDAwMDAwMH19",
          "dependencies": [
            "google_compute_network.network"
          ]
        }
      ]
    },
    {
      "mode": "managed",
      "type": "google_container_cluster",
      "name": "cluster",
      "provider": "provider[\"registry.terraform.io/hashicorp/google-beta\"]",
      "instances": [
        {
          "schema_version": 1,
          "attributes": {
            "addons_config": [
              {
                "cloudrun_config": [],
                "config_connector_config": [],
                "dns_cache_config": [],
                "gce_persistent_disk_csi_driver_config": [
                  {
                    "enabled": true
                  }
                ],
                "horizontal_pod_autoscaling": [],
                "http_load_balancing": [],
                "istio_config": [],
                "kalm_config": [],
                "network_policy_config": [
                  {
                    "disabled": false
                  }
                ]
              }
            ],
            "authenticator_groups_config": [],
            "cluster_autoscaling": [
              {
                "auto_provisioning_defaults": [
                  {
                    "min_cpu_platform": "",
                    "oauth_scopes": [
                      "https://www.googleapis.com/auth/logging.write",
                      "https://www.googleapis.com/auth/monitoring"
                    ],
                    "service_account": "default"
                  }
                ],
                "autoscaling_profile": "BALANCED",
                "enabled": true,
                "resource_limits": [
                  {
                    "maximum": 4,
                    "minimum": 1,
                    "resource_type": "cpu"
                  },
                  {
                    "maximum": 16,
                    "minimum": 4,
                    "resource_type": "memory"
                  }
                ]
              }
            ],
            "cluster_ipv4_cidr": "10.1.0.0/16",
            "cluster_telemetry": [
              {
                "type": "ENABLED"
              }
            ],
            "confidential_nodes": [],
            "database_encryption": [
              {
                "key_name": "",
                "state": "DECRYPTED"
              }
            ],
            "datapath_provider": "",
            "default_max_pods_per_node": 110,
            "default_snat_status": [
              {
                "disabled": false
              }
            ],
            "description": "",
            "dns_config": [],
            "enable_autopilot": false,
            "enable_binary_authorization": false,
            "enable_intranode_visibility": false,
            "enable_kubernetes_alpha": false,
            "enable_l4_ilb_subsetting": false,
            "enable_legacy_abac": false,
            "enable_shielded_nodes": true,
            "enable_tpu": false,
            "endpoint": "34.105.124.110",
            "id": "projects/ide-ccoe/locations/us-west1/clusters/gke-terraform",
            "initial_node_count": 1,
            "instance_group_urls": [],
            "ip_allocation_policy": [
              {
                "cluster_ipv4_cidr_block": "10.1.0.0/16",
                "cluster_secondary_range_name": "gke-terraform-pod-range",
                "services_ipv4_cidr_block": "10.2.0.0/20",
                "services_secondary_range_name": "gke-terraform-svc-range"
              }
            ],
            "label_fingerprint": "a9dc16a7",
            "location": "us-west1",
            "logging_config": [
              {
                "enable_components": [
                  "SYSTEM_COMPONENTS",
                  "WORKLOADS"
                ]
              }
            ],
            "logging_service": "logging.googleapis.com/kubernetes",
            "maintenance_policy": [],
            "master_auth": [
              {
                "client_certificate": "",
                "client_certificate_config": [
                  {
                    "issue_client_certificate": false
                  }
                ],
                "client_key": "",
                "cluster_ca_certificate": "LS0tLS1CRUdJTiBDRVJUSUZJQ0FURS0tLS0tCk1JSUVMRENDQXBTZ0F3SUJBZ0lRREZwWmpjWVNsVmZlaDdTR1M0RXE0VEFOQmdrcWhraUc5dzBCQVFzRkFEQXYKTVMwd0t3WURWUVFERXlRMk9EZG1aR1l5T1MwNVl6bG1MVFJqT0dNdE9XTmhNQzA1T0RBd1pUZzJPR1F3WXprdwpJQmNOTWpFeE1ERTBNRFUxTlRJeVdoZ1BNakExTVRFd01EY3dOalUxTWpKYU1DOHhMVEFyQmdOVkJBTVRKRFk0Ck4yWmtaakk1TFRsak9XWXROR000WXkwNVkyRXdMVGs0TURCbE9EWTRaREJqT1RDQ0FhSXdEUVlKS29aSWh2Y04KQVFFQkJRQURnZ0dQQURDQ0FZb0NnZ0dCQUtlQXdFVy9sQ1lIQ2JRaENaTXlVdHpJUzBzV0FUdzBJUVRHVnJ6Mgo0OThMbEoxY1R5QTMwTG9DdVFrMXNzMStka0JzaXhHQ0doSk9BNFdlUk91aldiR3kzSG03VUpsajFUNDl0U3JPCjR3aTBWU3FBcE4wcWltT0d4eWRnRjNLczhqSElEcXRJVUtzb0p5KzJhZ0FSNEhZK1RVTXk3SWVSOWlBVjk2djcKUExlYzd1RS9TcjdQckhPOFE0UVV0cmFPNzFvZWg1LzExSHdBMmZjTnlMbXMvNXpMK21EcGE5b1NGSHZJTzlpUApFSldMVGtHY1I3OW1lT3BEUm9FREV4Y08xeHdFWjdGd2IvUG91OThIaEo1bk00NVcwSmQzUUFLWkc0OHdrK3ZhCkhpam1mWDdWNXpMMDFRUTcxVC94ZDZ3Y3hJKzcrell4NTNBVUlabjZLOGp4d1lCV0dUU3QwVzM2a25xUFRjK2kKQU92YzB2anlvdGZlVFM1NEszNkh1R2NUc2lwZGdqVk5xQmlPL1NUQXUzTUhkSTFiZHFQU3dCTmZCRGdWYms5cApuWG4zb0dsS3phMGdRSGQvR2hSeExnUDd0dkxxR0xNdE94aThPTzltV1d6a2xJRm1pWnduMmxVSHZQbzRyNUM5CjZaYkdoaW1DbVBPZEVON2dkdHdUQ1dqS0x3SURBUUFCbzBJd1FEQU9CZ05WSFE4QkFmOEVCQU1DQWdRd0R3WUQKVlIwVEFRSC9CQVV3QXdFQi96QWRCZ05WSFE0RUZnUVVKTVB4c3hJTUhYMlJHV0d5UGZKbjBnK21odEF3RFFZSgpLb1pJaHZjTkFRRUxCUUFEZ2dHQkFJcFVzY1lzcVBOUVFFNlFxWGFacGxTYk1yTmtkdEhkYm1wWWpGcm9RcmxVCi9saEhiUUx5K241RjdteFJ3dUd1UzVuV1R1N2lzWnJKNGJYazVERmtNa0hPcUhRMGc1QnhIZ0hBbGdZQkFmQjMKckl6KzN0cHhOR2Q4dFpOMEVoeGhnNmg1QmlTY2lQWWQ1TnBUdnc3aHdhTGx2QlNoSGNmMEkyRlpycjhaSmVVcAp6bThLWEY0QktNdTNGbXA4TXVpb3R1eEhLR3pmc0poWmhJcVYwY3VpU2NSOXcyRGNmaTA4ZWtuTW1xS0NXcEJ3CmxpUDZ2dEJhYUNOd2FJK2JDSDBDWkJzRFc1N3RqSmgwL0g4ZEhBQnVEelhLdElROWVLKzZyZ2t6Q2M2QVRnYWgKY3NtTkFyUkttZmdIa1g3T2U2N0RhRmFkNGUwQXNaS2lSQ0VBV3N0V0RMaDJqSWpzNUR2R0ZVTy92a1hkbkZVVAozYjU4SStWK3pyR21WSHF4UXBZNGs1Y1RJczJocFBKS2dBeW4vODJra1VIWmt5Uk5wYmYybmEyNzA1eElYbDF1CllKUFpwRjVLbWRxRFJVdjg3TllKNUVjaGhUWndQRkZ6S3JIQlFmNnoyOEtIN0xETklYTUtQSlhyZ1hBRUVxUXQKQWVOemVBM3pIcXlPUXgrRmFYZEk0dz09Ci0tLS0tRU5EIENFUlRJRklDQVRFLS0tLS0K",
                "password": "",
                "username": ""
              }
            ],
            "master_authorized_networks_config": [
              {
                "cidr_blocks": [
                  {
                    "cidr_block": "35.197.153.80/32",
                    "display_name": "cloudshell"
                  },
                  {
                    "cidr_block": "49.37.167.203/32",
                    "display_name": "ayush-mac"
                  }
                ]
              }
            ],
            "master_version": "1.20.10-gke.301",
            "min_master_version": null,
            "monitoring_config": [
              {
                "enable_components": [
                  "SYSTEM_COMPONENTS"
                ]
              }
            ],
            "monitoring_service": "monitoring.googleapis.com/kubernetes",
            "name": "gke-terraform",
            "network": "projects/ide-ccoe/global/networks/gke-terraform-network",
            "network_policy": [
              {
                "enabled": true,
                "provider": ""
              }
            ],
            "networking_mode": "VPC_NATIVE",
            "node_config": [],
            "node_locations": [
              "us-west1-a",
              "us-west1-b",
              "us-west1-c"
            ],
            "node_pool": [],
            "node_version": "1.20.10-gke.301",
            "notification_config": [
              {
                "pubsub": [
                  {
                    "enabled": false,
                    "topic": ""
                  }
                ]
              }
            ],
            "operation": null,
            "pod_security_policy_config": [
              {
                "enabled": false
              }
            ],
            "private_cluster_config": [
              {
                "enable_private_endpoint": false,
                "enable_private_nodes": true,
                "master_global_access_config": [
                  {
                    "enabled": false
                  }
                ],
                "master_ipv4_cidr_block": "172.16.0.16/28",
                "peering_name": "gke-n6fd89f1d32864a64fb5-93d5-b757-peer",
                "private_endpoint": "172.16.0.18",
                "public_endpoint": "34.105.124.110"
              }
            ],
            "private_ipv6_google_access": "",
            "project": "ide-ccoe",
            "release_channel": [
              {
                "channel": "REGULAR"
              }
            ],
            "remove_default_node_pool": true,
            "resource_labels": null,
            "resource_usage_export_config": [],
            "self_link": "https://container.googleapis.com/v1beta1/projects/ide-ccoe/locations/us-west1/clusters/gke-terraform",
            "services_ipv4_cidr": "10.2.0.0/20",
            "subnetwork": "projects/ide-ccoe/regions/us-west1/subnetworks/gke-terraform-subnet",
            "timeouts": {
              "create": "30m",
              "delete": "30m",
              "read": null,
              "update": "30m"
            },
            "tpu_ipv4_cidr_block": "",
            "vertical_pod_autoscaling": [],
            "workload_identity_config": [
              {
                "identity_namespace": "ide-ccoe.svc.id.goog"
              }
            ]
          },
          "private": "eyJlMmJmYjczMC1lY2FhLTExZTYtOGY4OC0zNDM2M2JjN2M0YzAiOnsiY3JlYXRlIjoxODAwMDAwMDAwMDAwLCJkZWxldGUiOjE4MDAwMDAwMDAwMDAsInJlYWQiOjI0MDAwMDAwMDAwMDAsInVwZGF0ZSI6MTgwMDAwMDAwMDAwMH0sInNjaGVtYV92ZXJzaW9uIjoiMSJ9",
          "dependencies": [
            "google_compute_network.network",
            "google_compute_router_nat.nat",
            "google_compute_subnetwork.subnet"
          ]
        }
      ]
    },
    {
      "mode": "managed",
      "type": "google_container_node_pool",
      "name": "private_np1",
      "provider": "provider[\"registry.terraform.io/hashicorp/google-beta\"]",
      "instances": [
        {
          "schema_version": 1,
          "attributes": {
            "autoscaling": [
              {
                "max_node_count": 3,
                "min_node_count": 3
              }
            ],
            "cluster": "gke-terraform",
            "id": "projects/ide-ccoe/locations/us-west1/clusters/gke-terraform/nodePools/gke-terraform",
            "initial_node_count": 1,
            "instance_group_urls": [
              "https://www.googleapis.com/compute/v1/projects/ide-ccoe/zones/us-west1-c/instanceGroupManagers/gke-gke-terraform-gke-terraform-61f4cf50-grp",
              "https://www.googleapis.com/compute/v1/projects/ide-ccoe/zones/us-west1-b/instanceGroupManagers/gke-gke-terraform-gke-terraform-3b8a0833-grp",
              "https://www.googleapis.com/compute/v1/projects/ide-ccoe/zones/us-west1-a/instanceGroupManagers/gke-gke-terraform-gke-terraform-dac868ca-grp"
            ],
            "location": "us-west1",
            "management": [
              {
                "auto_repair": true,
                "auto_upgrade": true
              }
            ],
            "max_pods_per_node": 110,
            "name": "gke-terraform",
            "name_prefix": "",
            "network_config": [
              {
                "create_pod_range": false,
                "pod_ipv4_cidr_block": "10.1.0.0/16",
                "pod_range": "gke-terraform-pod-range"
              }
            ],
            "node_config": [
              {
                "boot_disk_kms_key": "",
                "disk_size_gb": 30,
                "disk_type": "pd-standard",
                "ephemeral_storage_config": [],
                "guest_accelerator": [],
                "image_type": "COS",
                "kubelet_config": [],
                "labels": {},
                "linux_node_config": [],
                "local_ssd_count": 0,
                "machine_type": "e2-medium",
                "metadata": {
                  "disable-legacy-endpoints": "true"
                },
                "min_cpu_platform": "",
                "oauth_scopes": [
                  "https://www.googleapis.com/auth/devstorage.read_only",
                  "https://www.googleapis.com/auth/logging.write",
                  "https://www.googleapis.com/auth/monitoring",
                  "https://www.googleapis.com/auth/service.management.readonly",
                  "https://www.googleapis.com/auth/servicecontrol",
                  "https://www.googleapis.com/auth/trace.append"
                ],
                "preemptible": true,
                "sandbox_config": [],
                "service_account": "default",
                "shielded_instance_config": [
                  {
                    "enable_integrity_monitoring": true,
                    "enable_secure_boot": true
                  }
                ],
                "tags": null,
                "taint": [],
                "workload_metadata_config": [
                  {
                    "mode": "GKE_METADATA",
                    "node_metadata": "GKE_METADATA_SERVER"
                  }
                ]
              }
            ],
            "node_count": 1,
            "node_locations": [
              "us-west1-a",
              "us-west1-b",
              "us-west1-c"
            ],
            "operation": null,
            "project": "ide-ccoe",
            "timeouts": null,
            "upgrade_settings": [
              {
                "max_surge": 1,
                "max_unavailable": 0
              }
            ],
            "version": "1.20.10-gke.301"
          },
          "private": "eyJlMmJmYjczMC1lY2FhLTExZTYtOGY4OC0zNDM2M2JjN2M0YzAiOnsiY3JlYXRlIjoxODAwMDAwMDAwMDAwLCJkZWxldGUiOjE4MDAwMDAwMDAwMDAsInVwZGF0ZSI6MTgwMDAwMDAwMDAwMH0sInNjaGVtYV92ZXJzaW9uIjoiMSJ9",
          "dependencies": [
            "google_compute_network.network",
            "google_compute_router_nat.nat",
            "google_compute_subnetwork.subnet",
            "google_container_cluster.cluster"
          ]
        }
      ]
    }
  ]
}
